
Microsoft Visual Studio Solution File, Format Version 12.00
# Visual Studio Version 17
VisualStudioVersion = 17.13.35931.197 d17.13
MinimumVisualStudioVersion = 10.0.40219.1
Project("{FAE04EC0-301F-11D3-BF4B-00C04F79EFBC}") = "BookShopingCartMvcUI", "BookShopingCartMvcUI\BookShopingCartMvcUI.csproj", "{15F21EA8-3567-42BF-ABEE-DC27B63E9F5B}"
EndProject
Global
	GlobalSection(SolutionConfigurationPlatforms) = preSolution
		Debug|Any CPU = Debug|Any CPU
		Release|Any CPU = Release|Any CPU
	EndGlobalSection
	GlobalSection(ProjectConfigurationPlatforms) = postSolution
		{15F21EA8-3567-42BF-ABEE-DC27B63E9F5B}.Debug|Any CPU.ActiveCfg = Debug|Any CPU
		{15F21EA8-3567-42BF-ABEE-DC27B63E9F5B}.Debug|Any CPU.Build.0 = Debug|Any CPU
		{15F21EA8-3567-42BF-ABEE-DC27B63E9F5B}.Release|Any CPU.ActiveCfg = Release|Any CPU
		{15F21EA8-3567-42BF-ABEE-DC27B63E9F5B}.Release|Any CPU.Build.0 = Release|Any CPU
	EndGlobalSection
	GlobalSection(SolutionProperties) = preSolution
		HideSolutionNode = FALSE
	EndGlobalSection
	GlobalSection(ExtensibilityGlobals) = postSolution
		SolutionGuid = {2C77C06C-1980-4332-87D0-74B2EA505F76}
	EndGlobalSection
EndGlobal
